Microsoft Visual Studio Solution File, Format Version 12.00
# Visual Studio Version 17
VisualStudioVersion = 17.5.2.0
MinimumVisualStudioVersion = 10.0.40219.1
Project("{FAE04EC0-301F-11D3-BF4B-00C04F79EFBC}") = "GCook", "GCook\GCook.csproj", "{85E396EE-1884-E30F-22BE-DA31553144E0}"
EndProject
Global
	GlobalSection(SolutionConfigurationPlatforms) = preSolution
		Debug|Any CPU = Debug|Any CPU
		Release|Any CPU = Release|Any CPU
	EndGlobalSection
	GlobalSection(ProjectConfigurationPlatforms) = postSolution
		{85E396EE-1884-E30F-22BE-DA31553144E0}.Debug|Any CPU.ActiveCfg = Debug|Any CPU
		{85E396EE-1884-E30F-22BE-DA31553144E0}.Debug|Any CPU.Build.0 = Debug|Any CPU
		{85E396EE-1884-E30F-22BE-DA31553144E0}.Release|Any CPU.ActiveCfg = Release|Any CPU
		{85E396EE-1884-E30F-22BE-DA31553144E0}.Release|Any CPU.Build.0 = Release|Any CPU
	EndGlobalSection
	GlobalSection(SolutionProperties) = preSolution
		HideSolutionNode = FALSE
	EndGlobalSection
	GlobalSection(ExtensibilityGlobals) = postSolution
		SolutionGuid = {C87669A4-4ADF-4A17-826B-88BB60506817}
	EndGlobalSection
EndGlobal
